
Microsoft Visual Studio Solution File, Format Version 12.00
# Visual Studio Version 16
VisualStudioVersion = 16.0.29728.190
MinimumVisualStudioVersion = 10.0.40219.1
Project("{F184B08F-C81C-45F6-A57F-5ABD9991F28F}") = "Personas", "Personas\Personas.vbproj", "{4E486CE3-DC80-4B4F-916B-99EE4FC8C961}"
EndProject
Global
	GlobalSection(SolutionConfigurationPlatforms) = preSolution
		Debug|Any CPU = Debug|Any CPU
		Release|Any CPU = Release|Any CPU
	EndGlobalSection
	GlobalSection(ProjectConfigurationPlatforms) = postSolution
		{4E486CE3-DC80-4B4F-916B-99EE4FC8C961}.Debug|Any CPU.ActiveCfg = Debug|Any CPU
		{4E486CE3-DC80-4B4F-916B-99EE4FC8C961}.Debug|Any CPU.Build.0 = Debug|Any CPU
		{4E486CE3-DC80-4B4F-916B-99EE4FC8C961}.Release|Any CPU.ActiveCfg = Release|Any CPU
		{4E486CE3-DC80-4B4F-916B-99EE4FC8C961}.Release|Any CPU.Build.0 = Release|Any CPU
	EndGlobalSection
	GlobalSection(SolutionProperties) = preSolution
		HideSolutionNode = FALSE
	EndGlobalSection
	GlobalSection(ExtensibilityGlobals) = postSolution
		SolutionGuid = {020663AB-F43A-43A1-8C67-7876E6EC29CC}
	EndGlobalSection
EndGlobal
